// !$*UTF8*$!
{
	archiveVersion = 1;
	classes = {
	};
	objectVersion = 55;
	objects = {

/* Begin PBXBuildFile section */
		34A535DB2C72FE7E009E32B0 /* CircleGroup.swift in Sources */ = {isa = PBXBuildFile; fileRef = 34A535DA2C72FE7E009E32B0 /* CircleGroup.swift */; };
		34D2EFF32C710BEE00065AA5 /* sampleApp.swift in Sources */ = {isa = PBXBuildFile; fileRef = 34D2EFF22C710BEE00065AA5 /* sampleApp.swift */; };
		34D2EFF52C710BEE00065AA5 /* ContentView.swift in Sources */ = {isa = PBXBuildFile; fileRef = 34D2EFF42C710BEE00065AA5 /* ContentView.swift */; };
		34D2EFF72C710BF300065AA5 /* Assets.xcassets in Resources */ = {isa = PBXBuildFile; fileRef = 34D2EFF62C710BF300065AA5 /* Assets.xcassets */; };
		34D2EFFA2C710BF300065AA5 /* Preview Assets.xcassets in Resources */ = {isa = PBXBuildFile; fileRef = 34D2EFF92C710BF300065AA5 /* Preview Assets.xcassets */; };
		34D2F0042C710BF400065AA5 /* sampleTests.swift in Sources */ = {isa = PBXBuildFile; fileRef = 34D2F0032C710BF400065AA5 /* sampleTests.swift */; };
		34D2F00E2C710BF400065AA5 /* sampleUITests.swift in Sources */ = {isa = PBXBuildFile; fileRef = 34D2F00D2C710BF400065AA5 /* sampleUITests.swift */; };
		34D2F0102C710BF400065AA5 /* sampleUITestsLaunchTests.swift in Sources */ = {isa = PBXBuildFile; fileRef = 34D2F00F2C710BF400065AA5 /* sampleUITestsLaunchTests.swift */; };
		34D2F01D2C71D86200065AA5 /* LaunchScreen.storyboard in Resources */ = {isa = PBXBuildFile; fileRef = 34D2F01C2C71D86200065AA5 /* LaunchScreen.storyboard */; };
		34D2F01F2C71D9E800065AA5 /* SplashScreen.swift in Sources */ = {isa = PBXBuildFile; fileRef = 34D2F01E2C71D9E800065AA5 /* SplashScreen.swift */; };
		34D2F0642C7213BD00065AA5 /* OnboardingView.swift in Sources */ = {isa = PBXBuildFile; fileRef = 34D2F0632C7213BD00065AA5 /* OnboardingView.swift */; };
		34D2F0662C72140500065AA5 /* HomeView.swift in Sources */ = {isa = PBXBuildFile; fileRef = 34D2F0652C72140500065AA5 /* HomeView.swift */; };
		34D2F06A2C72681700065AA5 /* Storyboard.storyboard in Resources */ = {isa = PBXBuildFile; fileRef = 34D2F0692C72681700065AA5 /* Storyboard.storyboard */; };
/* End PBXBuildFile section */

/* Begin PBXContainerItemProxy section */
		34D2F0002C710BF400065AA5 /* PBXContainerItemProxy */ = {
			isa = PBXContainerItemProxy;
			containerPortal = 34D2EFE72C710BEE00065AA5 /* Project object */;
			proxyType = 1;
			remoteGlobalIDString = 34D2EFEE2C710BEE00065AA5;
			remoteInfo = sample;
		};
		34D2F00A2C710BF400065AA5 /* PBXContainerItemProxy */ = {
			isa = PBXContainerItemProxy;
			containerPortal = 34D2EFE72C710BEE00065AA5 /* Project object */;
			proxyType = 1;
			remoteGlobalIDString = 34D2EFEE2C710BEE00065AA5;
			remoteInfo = sample;
		};
/* End PBXContainerItemProxy section */

/* Begin PBXFileReference section */
		34A535DA2C72FE7E009E32B0 /* CircleGroup.swift */ = {isa = PBXFileReference; lastKnownFileType = sourcecode.swift; path = CircleGroup.swift; sourceTree = "<group>"; };
		34D2EFEF2C710BEE00065AA5 /* sample.app */ = {isa = PBXFileReference; explicitFileType = wrapper.application; includeInIndex = 0; path = sample.app; sourceTree = BUILT_PRODUCTS_DIR; };
		34D2EFF22C710BEE00065AA5 /* sampleApp.swift */ = {isa = PBXFileReference; lastKnownFileType = sourcecode.swift; path = sampleApp.swift; sourceTree = "<group>"; };
		34D2EFF42C710BEE00065AA5 /* ContentView.swift */ = {isa = PBXFileReference; lastKnownFileType = sourcecode.swift; path = ContentView.swift; sourceTree = "<group>"; };
		34D2EFF62C710BF300065AA5 /* Assets.xcassets */ = {isa = PBXFileReference; lastKnownFileType = folder.assetcatalog; path = Assets.xcassets; sourceTree = "<group>"; };
		34D2EFF92C710BF300065AA5 /* Preview Assets.xcassets */ = {isa = PBXFileReference; lastKnownFileType = folder.assetcatalog; path = "Preview Assets.xcassets"; sourceTree = "<group>"; };
		34D2EFFF2C710BF400065AA5 /* sampleTests.xctest */ = {isa = PBXFileReference; explicitFileType = wrapper.cfbundle; includeInIndex = 0; path = sampleTests.xctest; sourceTree = BUILT_PRODUCTS_DIR; };
		34D2F0032C710BF400065AA5 /* sampleTests.swift */ = {isa = PBXFileReference; lastKnownFileType = sourcecode.swift; path = sampleTests.swift; sourceTree = "<group>"; };
		34D2F0092C710BF400065AA5 /* sampleUITests.xctest */ = {isa = PBXFileReference; explicitFileType = wrapper.cfbundle; includeInIndex = 0; path = sampleUITests.xctest; sourceTree = BUILT_PRODUCTS_DIR; };
		34D2F00D2C710BF400065AA5 /* sampleUITests.swift */ = {isa = PBXFileReference; lastKnownFileType = sourcecode.swift; path = sampleUITests.swift; sourceTree = "<group>"; };
		34D2F00F2C710BF400065AA5 /* sampleUITestsLaunchTests.swift */ = {isa = PBXFileReference; lastKnownFileType = sourcecode.swift; path = sampleUITestsLaunchTests.swift; sourceTree = "<group>"; };
		34D2F01C2C71D86200065AA5 /* LaunchScreen.storyboard */ = {isa = PBXFileReference; lastKnownFileType = file.storyboard; path = LaunchScreen.storyboard; sourceTree = "<group>"; };
		34D2F01E2C71D9E800065AA5 /* SplashScreen.swift */ = {isa = PBXFileReference; lastKnownFileType = sourcecode.swift; path = SplashScreen.swift; sourceTree = "<group>"; };
		34D2F0632C7213BD00065AA5 /* OnboardingView.swift */ = {isa = PBXFileReference; lastKnownFileType = sourcecode.swift; path = OnboardingView.swift; sourceTree = "<group>"; };
		34D2F0652C72140500065AA5 /* HomeView.swift */ = {isa = PBXFileReference; lastKnownFileType = sourcecode.swift; path = HomeView.swift; sourceTree = "<group>"; };
		34D2F0692C72681700065AA5 /* Storyboard.storyboard */ = {isa = PBXFileReference; lastKnownFileType = file.storyboard; path = Storyboard.storyboard; sourceTree = "<group>"; };
/* End PBXFileReference section */

/* Begin PBXFrameworksBuildPhase section */
		34D2EFEC2C710BEE00065AA5 /* Frameworks */ = {
			isa = PBXFrameworksBuildPhase;
			buildActionMask = 2147483647;
			files = (
			);
			runOnlyForDeploymentPostprocessing = 0;
		};
		34D2EFFC2C710BF400065AA5 /* Frameworks */ = {
			isa = PBXFrameworksBuildPhase;
			buildActionMask = 2147483647;
			files = (
			);
			runOnlyForDeploymentPostprocessing = 0;
		};
		34D2F0062C710BF400065AA5 /* Frameworks */ = {
			isa = PBXFrameworksBuildPhase;
			buildActionMask = 2147483647;
			files = (
			);
			runOnlyForDeploymentPostprocessing = 0;
		};
/* End PBXFrameworksBuildPhase section */

/* Begin PBXGroup section */
		34D2EFE62C710BEE00065AA5 = {
			isa = PBXGroup;
			children = (
				34D2EFF12C710BEE00065AA5 /* sample */,
				34D2F0022C710BF400065AA5 /* sampleTests */,
				34D2F00C2C710BF400065AA5 /* sampleUITests */,
				34D2EFF02C710BEE00065AA5 /* Products */,
			);
			sourceTree = "<group>";
		};
		34D2EFF02C710BEE00065AA5 /* Products */ = {
			isa = PBXGroup;
			children = (
				34D2EFEF2C710BEE00065AA5 /* sample.app */,
				34D2EFFF2C710BF400065AA5 /* sampleTests.xctest */,
				34D2F0092C710BF400065AA5 /* sampleUITests.xctest */,
			);
			name = Products;
			sourceTree = "<group>";
		};
		34D2EFF12C710BEE00065AA5 /* sample */ = {
			isa = PBXGroup;
			children = (
				34D2F0EA2C72FD9000065AA5 /* Components */,
				34D2F0622C72137200065AA5 /* Views */,
				34D2EFF22C710BEE00065AA5 /* sampleApp.swift */,
				34D2EFF42C710BEE00065AA5 /* ContentView.swift */,
				34D2EFF62C710BF300065AA5 /* Assets.xcassets */,
				34D2EFF82C710BF300065AA5 /* Preview Content */,
				34D2F01C2C71D86200065AA5 /* LaunchScreen.storyboard */,
				34D2F01E2C71D9E800065AA5 /* SplashScreen.swift */,
				34D2F0692C72681700065AA5 /* Storyboard.storyboard */,
			);
			path = sample;
			sourceTree = "<group>";
		};
		34D2EFF82C710BF300065AA5 /* Preview Content */ = {
			isa = PBXGroup;
			children = (
				34D2EFF92C710BF300065AA5 /* Preview Assets.xcassets */,
			);
			path = "Preview Content";
			sourceTree = "<group>";
		};
		34D2F0022C710BF400065AA5 /* sampleTests */ = {
			isa = PBXGroup;
			children = (
				34D2F0032C710BF400065AA5 /* sampleTests.swift */,
			);
			path = sampleTests;
			sourceTree = "<group>";
		};
		34D2F00C2C710BF400065AA5 /* sampleUITests */ = {
			isa = PBXGroup;
			children = (
				34D2F00D2C710BF400065AA5 /* sampleUITests.swift */,
				34D2F00F2C710BF400065AA5 /* sampleUITestsLaunchTests.swift */,
			);
			path = sampleUITests;
			sourceTree = "<group>";
		};
		34D2F0622C72137200065AA5 /* Views */ = {
			isa = PBXGroup;
			children = (
				34D2F0632C7213BD00065AA5 /* OnboardingView.swift */,
				34D2F0652C72140500065AA5 /* HomeView.swift */,
			);
			path = Views;
			sourceTree = "<group>";
		};
		34D2F0EA2C72FD9000065AA5 /* Components */ = {
			isa = PBXGroup;
			children = (
				34A535DA2C72FE7E009E32B0 /* CircleGroup.swift */,
			);
			path = Components;
			sourceTree = "<group>";
		};
/* End PBXGroup section */

/* Begin PBXNativeTarget section */
		34D2EFEE2C710BEE00065AA5 /* sample */ = {
			isa = PBXNativeTarget;
			buildConfigurationList = 34D2F0132C710BF400065AA5 /* Build configuration list for PBXNativeTarget "sample" */;
			buildPhases = (
				34D2EFEB2C710BEE00065AA5 /* Sources */,
				34D2EFEC2C710BEE00065AA5 /* Frameworks */,
				34D2EFED2C710BEE00065AA5 /* Resources */,
			);
			buildRules = (
			);
			dependencies = (
			);
			name = sample;
			productName = sample;
			productReference = 34D2EFEF2C710BEE00065AA5 /* sample.app */;
			productType = "com.apple.product-type.application";
		};
		34D2EFFE2C710BF400065AA5 /* sampleTests */ = {
			isa = PBXNativeTarget;
			buildConfigurationList = 34D2F0162C710BF400065AA5 /* Build configuration list for PBXNativeTarget "sampleTests" */;
			buildPhases = (
				34D2EFFB2C710BF400065AA5 /* Sources */,
				34D2EFFC2C710BF400065AA5 /* Frameworks */,
				34D2EFFD2C710BF400065AA5 /* Resources */,
			);
			buildRules = (
			);
			dependencies = (
				34D2F0012C710BF400065AA5 /* PBXTargetDependency */,
			);
			name = sampleTests;
			productName = sampleTests;
			productReference = 34D2EFFF2C710BF400065AA5 /* sampleTests.xctest */;
			productType = "com.apple.product-type.bundle.unit-test";
		};
		34D2F0082C710BF400065AA5 /* sampleUITests */ = {
			isa = PBXNativeTarget;
			buildConfigurationList = 34D2F0192C710BF400065AA5 /* Build configuration list for PBXNativeTarget "sampleUITests" */;
			buildPhases = (
				34D2F0052C710BF400065AA5 /* Sources */,
				34D2F0062C710BF400065AA5 /* Frameworks */,
				34D2F0072C710BF400065AA5 /* Resources */,
			);
			buildRules = (
			);
			dependencies = (
				34D2F00B2C710BF400065AA5 /* PBXTargetDependency */,
			);
			name = sampleUITests;
			productName = sampleUITests;
			productReference = 34D2F0092C710BF400065AA5 /* sampleUITests.xctest */;
			productType = "com.apple.product-type.bundle.ui-testing";
		};
/* End PBXNativeTarget section */

/* Begin PBXProject section */
		34D2EFE72C710BEE00065AA5 /* Project object */ = {
			isa = PBXProject;
			attributes = {
				BuildIndependentTargetsInParallel = 1;
				LastSwiftUpdateCheck = 1340;
				LastUpgradeCheck = 1340;
				TargetAttributes = {
					34D2EFEE2C710BEE00065AA5 = {
						CreatedOnToolsVersion = 13.4.1;
					};
					34D2EFFE2C710BF400065AA5 = {
						CreatedOnToolsVersion = 13.4.1;
						TestTargetID = 34D2EFEE2C710BEE00065AA5;
					};
					34D2F0082C710BF400065AA5 = {
						CreatedOnToolsVersion = 13.4.1;
						TestTargetID = 34D2EFEE2C710BEE00065AA5;
					};
				};
			};
			buildConfigurationList = 34D2EFEA2C710BEE00065AA5 /* Build configuration list for PBXProject "sample" */;
			compatibilityVersion = "Xcode 13.0";
			developmentRegion = en;
			hasScannedForEncodings = 0;
			knownRegions = (
				en,
				Base,
			);
			mainGroup = 34D2EFE62C710BEE00065AA5;
			productRefGroup = 34D2EFF02C710BEE00065AA5 /* Products */;
			projectDirPath = "";
			projectRoot = "";
			targets = (
				34D2EFEE2C710BEE00065AA5 /* sample */,
				34D2EFFE2C710BF400065AA5 /* sampleTests */,
				34D2F0082C710BF400065AA5 /* sampleUITests */,
			);
		};
/* End PBXProject section */

/* Begin PBXResourcesBuildPhase section */
		34D2EFED2C710BEE00065AA5 /* Resources */ = {
			isa = PBXResourcesBuildPhase;
			buildActionMask = 2147483647;
			files = (
				34D2F01D2C71D86200065AA5 /* LaunchScreen.storyboard in Resources */,
				34D2F06A2C72681700065AA5 /* Storyboard.storyboard in Resources */,
				34D2EFFA2C710BF300065AA5 /* Preview Assets.xcassets in Resources */,
				34D2EFF72C710BF300065AA5 /* Assets.xcassets in Resources */,
			);
			runOnlyForDeploymentPostprocessing = 0;
		};
		34D2EFFD2C710BF400065AA5 /* Resources */ = {
			isa = PBXResourcesBuildPhase;
			buildActionMask = 2147483647;
			files = (
			);
			runOnlyForDeploymentPostprocessing = 0;
		};
		34D2F0072C710BF400065AA5 /* Resources */ = {
			isa = PBXResourcesBuildPhase;
			buildActionMask = 2147483647;
			files = (
			);
			runOnlyForDeploymentPostprocessing = 0;
		};
/* End PBXResourcesBuildPhase section */

/* Begin PBXSourcesBuildPhase section */
		34D2EFEB2C710BEE00065AA5 /* Sources */ = {
			isa = PBXSourcesBuildPhase;
			buildActionMask = 2147483647;
			files = (
				34D2F01F2C71D9E800065AA5 /* SplashScreen.swift in Sources */,
				34D2F0642C7213BD00065AA5 /* OnboardingView.swift in Sources */,
				34D2EFF52C710BEE00065AA5 /* ContentView.swift in Sources */,
				34A535DB2C72FE7E009E32B0 /* CircleGroup.swift in Sources */,
				34D2F0662C72140500065AA5 /* HomeView.swift in Sources */,
				34D2EFF32C710BEE00065AA5 /* sampleApp.swift in Sources */,
			);
			runOnlyForDeploymentPostprocessing = 0;
		};
		34D2EFFB2C710BF400065AA5 /* Sources */ = {
			isa = PBXSourcesBuildPhase;
			buildActionMask = 2147483647;
			files = (
				34D2F0042C710BF400065AA5 /* sampleTests.swift in Sources */,
			);
			runOnlyForDeploymentPostprocessing = 0;
		};
		34D2F0052C710BF400065AA5 /* Sources */ = {
			isa = PBXSourcesBuildPhase;
			buildActionMask = 2147483647;
			files = (
				34D2F0102C710BF400065AA5 /* sampleUITestsLaunchTests.swift in Sources */,
				34D2F00E2C710BF400065AA5 /* sampleUITests.swift in Sources */,
			);
			runOnlyForDeploymentPostprocessing = 0;
		};
/* End PBXSourcesBuildPhase section */

/* Begin PBXTargetDependency section */
		34D2F0012C710BF400065AA5 /* PBXTargetDependency */ = {
			isa = PBXTargetDependency;
			target = 34D2EFEE2C710BEE00065AA5 /* sample */;
			targetProxy = 34D2F0002C710BF400065AA5 /* PBXContainerItemProxy */;
		};
		34D2F00B2C710BF400065AA5 /* PBXTargetDependency */ = {
			isa = PBXTargetDependency;
			target = 34D2EFEE2C710BEE00065AA5 /* sample */;
			targetProxy = 34D2F00A2C710BF400065AA5 /* PBXContainerItemProxy */;
		};
/* End PBXTargetDependency section */

/* Begin XCBuildConfiguration section */
		34D2F0112C710BF400065AA5 /* Debug */ = {
			isa = XCBuildConfiguration;
			buildSettings = {
				ALWAYS_SEARCH_USER_PATHS = NO;
				CLANG_ANALYZER_NONNULL = YES;
				CLANG_ANALYZER_NUMBER_OBJECT_CONVERSION = YES_AGGRESSIVE;
				CLANG_CXX_LANGUAGE_STANDARD = "gnu++17";
				CLANG_ENABLE_MODULES = YES;
				CLANG_ENABLE_OBJC_ARC = YES;
				CLANG_ENABLE_OBJC_WEAK = YES;
				CLANG_WARN_BLOCK_CAPTURE_AUTORELEASING = YES;
				CLANG_WARN_BOOL_CONVERSION = YES;
				CLANG_WARN_COMMA = YES;
				CLANG_WARN_CONSTANT_CONVERSION = YES;
				CLANG_WARN_DEPRECATED_OBJC_IMPLEMENTATIONS = YES;
				CLANG_WARN_DIRECT_OBJC_ISA_USAGE = YES_ERROR;
				CLANG_WARN_DOCUMENTATION_COMMENTS = YES;
				CLANG_WARN_EMPTY_BODY = YES;
				CLANG_WARN_ENUM_CONVERSION = YES;
				CLANG_WARN_INFINITE_RECURSION = YES;
				CLANG_WARN_INT_CONVERSION = YES;
				CLANG_WARN_NON_LITERAL_NULL_CONVERSION = YES;
				CLANG_WARN_OBJC_IMPLICIT_RETAIN_SELF = YES;
				CLANG_WARN_OBJC_LITERAL_CONVERSION = YES;
				CLANG_WARN_OBJC_ROOT_CLASS = YES_ERROR;
				CLANG_WARN_QUOTED_INCLUDE_IN_FRAMEWORK_HEADER = YES;
				CLANG_WARN_RANGE_LOOP_ANALYSIS = YES;
				CLANG_WARN_STRICT_PROTOTYPES = YES;
				CLANG_WARN_SUSPICIOUS_MOVE = YES;
				CLANG_WARN_UNGUARDED_AVAILABILITY = YES_AGGRESSIVE;
				CLANG_WARN_UNREACHABLE_CODE = YES;
				CLANG_WARN__DUPLICATE_METHOD_MATCH = YES;
				COPY_PHASE_STRIP = NO;
				DEBUG_INFORMATION_FORMAT = dwarf;
				ENABLE_STRICT_OBJC_MSGSEND = YES;
				ENABLE_TESTABILITY = YES;
				GCC_C_LANGUAGE_STANDARD = gnu11;
				GCC_DYNAMIC_NO_PIC = NO;
				GCC_NO_COMMON_BLOCKS = YES;
				GCC_OPTIMIZATION_LEVEL = 0;
				GCC_PREPROCESSOR_DEFINITIONS = (
					"DEBUG=1",
					"$(inherited)",
				);
				GCC_WARN_64_TO_32_BIT_CONVERSION = YES;
				GCC_WARN_ABOUT_RETURN_TYPE = YES_ERROR;
				GCC_WARN_UNDECLARED_SELECTOR = YES;
				GCC_WARN_UNINITIALIZED_AUTOS = YES_AGGRESSIVE;
				GCC_WARN_UNUSED_FUNCTION = YES;
				GCC_WARN_UNUSED_VARIABLE = YES;
				IPHONEOS_DEPLOYMENT_TARGET = 15.5;
				MTL_ENABLE_DEBUG_INFO = INCLUDE_SOURCE;
				MTL_FAST_MATH = YES;
				ONLY_ACTIVE_ARCH = YES;
				SDKROOT = iphoneos;
				SWIFT_ACTIVE_COMPILATION_CONDITIONS = DEBUG;
				SWIFT_OPTIMIZATION_LEVEL = "-Onone";
			};
			name = Debug;
		};
		34D2F0122C710BF400065AA5 /* Release */ = {
			isa = XCBuildConfiguration;
			buildSettings = {
				ALWAYS_SEARCH_USER_PATHS = NO;
				CLANG_ANALYZER_NONNULL = YES;
				CLANG_ANALYZER_NUMBER_OBJECT_CONVERSION = YES_AGGRESSIVE;
				CLANG_CXX_LANGUAGE_STANDARD = "gnu++17";
				CLANG_ENABLE_MODULES = YES;
				CLANG_ENABLE_OBJC_ARC = YES;
				CLANG_ENABLE_OBJC_WEAK = YES;
				CLANG_WARN_BLOCK_CAPTURE_AUTORELEASING = YES;
				CLANG_WARN_BOOL_CONVERSION = YES;
				CLANG_WARN_COMMA = YES;
				CLANG_WARN_CONSTANT_CONVERSION = YES;
				CLANG_WARN_DEPRECATED_OBJC_IMPLEMENTATIONS = YES;
				CLANG_WARN_DIRECT_OBJC_ISA_USAGE = YES_ERROR;
				CLANG_WARN_DOCUMENTATION_COMMENTS = YES;
				CLANG_WARN_EMPTY_BODY = YES;
				CLANG_WARN_ENUM_CONVERSION = YES;
				CLANG_WARN_INFINITE_RECURSION = YES;
				CLANG_WARN_INT_CONVERSION = YES;
				CLANG_WARN_NON_LITERAL_NULL_CONVERSION = YES;
				CLANG_WARN_OBJC_IMPLICIT_RETAIN_SELF = YES;
				CLANG_WARN_OBJC_LITERAL_CONVERSION = YES;
				CLANG_WARN_OBJC_ROOT_CLASS = YES_ERROR;
				CLANG_WARN_QUOTED_INCLUDE_IN_FRAMEWORK_HEADER = YES;
				CLANG_WARN_RANGE_LOOP_ANALYSIS = YES;
				CLANG_WARN_STRICT_PROTOTYPES = YES;
				CLANG_WARN_SUSPICIOUS_MOVE = YES;
				CLANG_WARN_UNGUARDED_AVAILABILITY = YES_AGGRESSIVE;
				CLANG_WARN_UNREACHABLE_CODE = YES;
				CLANG_WARN__DUPLICATE_METHOD_MATCH = YES;
				COPY_PHASE_STRIP = NO;
				DEBUG_INFORMATION_FORMAT = "dwarf-with-dsym";
				ENABLE_NS_ASSERTIONS = NO;
				ENABLE_STRICT_OBJC_MSGSEND = YES;
				GCC_C_LANGUAGE_STANDARD = gnu11;
				GCC_NO_COMMON_BLOCKS = YES;
				GCC_WARN_64_TO_32_BIT_CONVERSION = YES;
				GCC_WARN_ABOUT_RETURN_TYPE = YES_ERROR;
				GCC_WARN_UNDECLARED_SELECTOR = YES;
				GCC_WARN_UNINITIALIZED_AUTOS = YES_AGGRESSIVE;
				GCC_WARN_UNUSED_FUNCTION = YES;
				GCC_WARN_UNUSED_VARIABLE = YES;
				IPHONEOS_DEPLOYMENT_TARGET = 15.5;
				MTL_ENABLE_DEBUG_INFO = NO;
				MTL_FAST_MATH = YES;
				SDKROOT = iphoneos;
				SWIFT_COMPILATION_MODE = wholemodule;
				SWIFT_OPTIMIZATION_LEVEL = "-O";
				VALIDATE_PRODUCT = YES;
			};
			name = Release;
		};
		34D2F0142C710BF400065AA5 /* Debug */ = {
			isa = XCBuildConfiguration;
			buildSettings = {
				ASSETCATALOG_COMPILER_APPICON_NAME = AppIcon;
				ASSETCATALOG_COMPILER_GLOBAL_ACCENT_COLOR_NAME = AccentColor;
				CODE_SIGN_STYLE = Automatic;
				CURRENT_PROJECT_VERSION = 1;
				DEVELOPMENT_ASSET_PATHS = "\"sample/Preview Content\"";
				DEVELOPMENT_TEAM = 29NBT2CBG7;
				ENABLE_PREVIEWS = YES;
				GENERATE_INFOPLIST_FILE = YES;
				INFOPLIST_KEY_UIApplicationSceneManifest_Generation = YES;
				INFOPLIST_KEY_UIApplicationSupportsIndirectInputEvents = YES;
				INFOPLIST_KEY_UILaunchScreen_Generation = YES;
				INFOPLIST_KEY_UISupportedInterfaceOrientations_iPad = "UIInterfaceOrientationPortrait UIInterfaceOrientationPortraitUpsideDown UIInterfaceOrientationLandscapeLeft UIInterfaceOrientationLandscapeRight";
				INFOPLIST_KEY_UISupportedInterfaceOrientations_iPhone = "UIInterfaceOrientationPortrait UIInterfaceOrientationLandscapeLeft UIInterfaceOrientationLandscapeRight";
				LD_RUNPATH_SEARCH_PATHS = (
					"$(inherited)",
					"@executable_path/Frameworks",
				);
				MARKETING_VERSION = 1.0;
				PRODUCT_BUNDLE_IDENTIFIER = company.sample;
				PRODUCT_NAME = "$(TARGET_NAME)";
				SWIFT_EMIT_LOC_STRINGS = YES;
				SWIFT_VERSION = 5.0;
				TARGETED_DEVICE_FAMILY = "1,2";
			};
			name = Debug;
		};
		34D2F0152C710BF400065AA5 /* Release */ = {
			isa = XCBuildConfiguration;
			buildSettings = {
				ASSETCATALOG_COMPILER_APPICON_NAME = AppIcon;
				ASSETCATALOG_COMPILER_GLOBAL_ACCENT_COLOR_NAME = AccentColor;
				CODE_SIGN_STYLE = Automatic;
				CURRENT_PROJECT_VERSION = 1;
				DEVELOPMENT_ASSET_PATHS = "\"sample/Preview Content\"";
				DEVELOPMENT_TEAM = 29NBT2CBG7;
				ENABLE_PREVIEWS = YES;
				GENERATE_INFOPLIST_FILE = YES;
				INFOPLIST_KEY_UIApplicationSceneManifest_Generation = YES;
				INFOPLIST_KEY_UIApplicationSupportsIndirectInputEvents = YES;
				INFOPLIST_KEY_UILaunchScreen_Generation = YES;
				INFOPLIST_KEY_UISupportedInterfaceOrientations_iPad = "UIInterfaceOrientationPortrait UIInterfaceOrientationPortraitUpsideDown UIInterfaceOrientationLandscapeLeft UIInterfaceOrientationLandscapeRight";
				INFOPLIST_KEY_UISupportedInterfaceOrientations_iPhone = "UIInterfaceOrientationPortrait UIInterfaceOrientationLandscapeLeft UIInterfaceOrientationLandscapeRight";
				LD_RUNPATH_SEARCH_PATHS = (
					"$(inherited)",
					"@executable_path/Frameworks",
				);
				MARKETING_VERSION = 1.0;
				PRODUCT_BUNDLE_IDENTIFIER = company.sample;
				PRODUCT_NAME = "$(TARGET_NAME)";
				SWIFT_EMIT_LOC_STRINGS = YES;
				SWIFT_VERSION = 5.0;
				TARGETED_DEVICE_FAMILY = "1,2";
			};
			name = Release;
		};
		34D2F0172C710BF400065AA5 /* Debug */ = {
			isa = XCBuildConfiguration;
			buildSettings = {
				ALWAYS_EMBED_SWIFT_STANDARD_LIBRARIES = YES;
				BUNDLE_LOADER = "$(TEST_HOST)";
				CODE_SIGN_STYLE = Automatic;
				CURRENT_PROJECT_VERSION = 1;
				DEVELOPMENT_TEAM = 29NBT2CBG7;
				GENERATE_INFOPLIST_FILE = YES;
				IPHONEOS_DEPLOYMENT_TARGET = 15.5;
				MARKETING_VERSION = 1.0;
				PRODUCT_BUNDLE_IDENTIFIER = company.sampleTests;
				PRODUCT_NAME = "$(TARGET_NAME)";
				SWIFT_EMIT_LOC_STRINGS = NO;
				SWIFT_VERSION = 5.0;
				TARGETED_DEVICE_FAMILY = "1,2";
				TEST_HOST = "$(BUILT_PRODUCTS_DIR)/sample.app/sample";
			};
			name = Debug;
		};
		34D2F0182C710BF400065AA5 /* Release */ = {
			isa = XCBuildConfiguration;
			buildSettings = {
				ALWAYS_EMBED_SWIFT_STANDARD_LIBRARIES = YES;
				BUNDLE_LOADER = "$(TEST_HOST)";
				CODE_SIGN_STYLE = Automatic;
				CURRENT_PROJECT_VERSION = 1;
				DEVELOPMENT_TEAM = 29NBT2CBG7;
				GENERATE_INFOPLIST_FILE = YES;
				IPHONEOS_DEPLOYMENT_TARGET = 15.5;
				MARKETING_VERSION = 1.0;
				PRODUCT_BUNDLE_IDENTIFIER = company.sampleTests;
				PRODUCT_NAME = "$(TARGET_NAME)";
				SWIFT_EMIT_LOC_STRINGS = NO;
				SWIFT_VERSION = 5.0;
				TARGETED_DEVICE_FAMILY = "1,2";
				TEST_HOST = "$(BUILT_PRODUCTS_DIR)/sample.app/sample";
			};
			name = Release;
		};
		34D2F01A2C710BF400065AA5 /* Debug */ = {
			isa = XCBuildConfiguration;
			buildSettings = {
				ALWAYS_EMBED_SWIFT_STANDARD_LIBRARIES = YES;
				CODE_SIGN_STYLE = Automatic;
				CURRENT_PROJECT_VERSION = 1;
				DEVELOPMENT_TEAM = 29NBT2CBG7;
				GENERATE_INFOPLIST_FILE = YES;
				MARKETING_VERSION = 1.0;
				PRODUCT_BUNDLE_IDENTIFIER = company.sampleUITests;
				PRODUCT_NAME = "$(TARGET_NAME)";
				SWIFT_EMIT_LOC_STRINGS = NO;
				SWIFT_VERSION = 5.0;
				TARGETED_DEVICE_FAMILY = "1,2";
				TEST_TARGET_NAME = sample;
			};
			name = Debug;
		};
		34D2F01B2C710BF400065AA5 /* Release */ = {
			isa = XCBuildConfiguration;
			buildSettings = {
				ALWAYS_EMBED_SWIFT_STANDARD_LIBRARIES = YES;
				CODE_SIGN_STYLE = Automatic;
				CURRENT_PROJECT_VERSION = 1;
				DEVELOPMENT_TEAM = 29NBT2CBG7;
				GENERATE_INFOPLIST_FILE = YES;
				MARKETING_VERSION = 1.0;
				PRODUCT_BUNDLE_IDENTIFIER = company.sampleUITests;
				PRODUCT_NAME = "$(TARGET_NAME)";
				SWIFT_EMIT_LOC_STRINGS = NO;
				SWIFT_VERSION = 5.0;
				TARGETED_DEVICE_FAMILY = "1,2";
				TEST_TARGET_NAME = sample;
			};
			name = Release;
		};
/* End XCBuildConfiguration section */

/* Begin XCConfigurationList section */
		34D2EFEA2C710BEE00065AA5 /* Build configuration list for PBXProject "sample" */ = {
			isa = XCConfigurationList;
			buildConfigurations = (
				34D2F0112C710BF400065AA5 /* Debug */,
				34D2F0122C710BF400065AA5 /* Release */,
			);
			defaultConfigurationIsVisible = 0;
			defaultConfigurationName = Release;
		};
		34D2F0132C710BF400065AA5 /* Build configuration list for PBXNativeTarget "sample" */ = {
			isa = XCConfigurationList;
			buildConfigurations = (
				34D2F0142C710BF400065AA5 /* Debug */,
				34D2F0152C710BF400065AA5 /* Release */,
			);
			defaultConfigurationIsVisible = 0;
			defaultConfigurationName = Release;
		};
		34D2F0162C710BF400065AA5 /* Build configuration list for PBXNativeTarget "sampleTests" */ = {
			isa = XCConfigurationList;
			buildConfigurations = (
				34D2F0172C710BF400065AA5 /* Debug */,
				34D2F0182C710BF400065AA5 /* Release */,
			);
			defaultConfigurationIsVisible = 0;
			defaultConfigurationName = Release;
		};
		34D2F0192C710BF400065AA5 /* Build configuration list for PBXNativeTarget "sampleUITests" */ = {
			isa = XCConfigurationList;
			buildConfigurations = (
				34D2F01A2C710BF400065AA5 /* Debug */,
				34D2F01B2C710BF400065AA5 /* Release */,
			);
			defaultConfigurationIsVisible = 0;
			defaultConfigurationName = Release;
		};
/* End XCConfigurationList section */
	};
	rootObject = 34D2EFE72C710BEE00065AA5 /* Project object */;
}
